
Microsoft Visual Studio Solution File, Format Version 12.00
# Visual Studio Version 17
VisualStudioVersion = 17.1.32210.238
MinimumVisualStudioVersion = 10.0.40219.1
Project("{9A19103F-16F7-4668-BE54-9A1E7A4F7556}") = "ProjectFora.Server", "ProjectFora\Server\ProjectFora.Server.csproj", "{CFA60E71-BFC1-4A2D-AA7B-721E8014A8B2}"
EndProject
Project("{9A19103F-16F7-4668-BE54-9A1E7A4F7556}") = "ProjectFora.Client", "ProjectFora\Client\ProjectFora.Client.csproj", "{68242030-4CF6-43D0-B186-6BC5EC939C47}"
EndProject
Project("{9A19103F-16F7-4668-BE54-9A1E7A4F7556}") = "ProjectFora.Shared", "ProjectFora\Shared\ProjectFora.Shared.csproj", "{B074ADF9-C67C-400C-8DCD-4593C1F18739}"
EndProject
Global
	GlobalSection(SolutionConfigurationPlatforms) = preSolution
		Debug|Any CPU = Debug|Any CPU
		Release|Any CPU = Release|Any CPU
	EndGlobalSection
	GlobalSection(ProjectConfigurationPlatforms) = postSolution
		{CFA60E71-BFC1-4A2D-AA7B-721E8014A8B2}.Debug|Any CPU.ActiveCfg = Debug|Any CPU
		{CFA60E71-BFC1-4A2D-AA7B-721E8014A8B2}.Debug|Any CPU.Build.0 = Debug|Any CPU
		{CFA60E71-BFC1-4A2D-AA7B-721E8014A8B2}.Release|Any CPU.ActiveCfg = Release|Any CPU
		{CFA60E71-BFC1-4A2D-AA7B-721E8014A8B2}.Release|Any CPU.Build.0 = Release|Any CPU
		{68242030-4CF6-43D0-B186-6BC5EC939C47}.Debug|Any CPU.ActiveCfg = Debug|Any CPU
		{68242030-4CF6-43D0-B186-6BC5EC939C47}.Debug|Any CPU.Build.0 = Debug|Any CPU
		{68242030-4CF6-43D0-B186-6BC5EC939C47}.Release|Any CPU.ActiveCfg = Release|Any CPU
		{68242030-4CF6-43D0-B186-6BC5EC939C47}.Release|Any CPU.Build.0 = Release|Any CPU
		{B074ADF9-C67C-400C-8DCD-4593C1F18739}.Debug|Any CPU.ActiveCfg = Debug|Any CPU
		{B074ADF9-C67C-400C-8DCD-4593C1F18739}.Debug|Any CPU.Build.0 = Debug|Any CPU
		{B074ADF9-C67C-400C-8DCD-4593C1F18739}.Release|Any CPU.ActiveCfg = Release|Any CPU
		{B074ADF9-C67C-400C-8DCD-4593C1F18739}.Release|Any CPU.Build.0 = Release|Any CPU
	EndGlobalSection
	GlobalSection(SolutionProperties) = preSolution
		HideSolutionNode = FALSE
	EndGlobalSection
	GlobalSection(ExtensibilityGlobals) = postSolution
		SolutionGuid = {74008F59-7E62-441F-AEAB-0AC0BB012ACA}
	EndGlobalSection
EndGlobal
